
Microsoft Visual Studio Solution File, Format Version 12.00
# Visual Studio Version 17
VisualStudioVersion = 17.9.34728.123
MinimumVisualStudioVersion = 10.0.40219.1
Project("{FAE04EC0-301F-11D3-BF4B-00C04F79EFBC}") = "LawnmowerApp", "LawnmowerApp\LawnmowerApp.csproj", "{0D6A04D2-848A-47EA-A2BC-3E8E15A2D631}"
EndProject
Global
	GlobalSection(SolutionConfigurationPlatforms) = preSolution
		Debug|Any CPU = Debug|Any CPU
		Release|Any CPU = Release|Any CPU
	EndGlobalSection
	GlobalSection(ProjectConfigurationPlatforms) = postSolution
		{0D6A04D2-848A-47EA-A2BC-3E8E15A2D631}.Debug|Any CPU.ActiveCfg = Debug|Any CPU
		{0D6A04D2-848A-47EA-A2BC-3E8E15A2D631}.Debug|Any CPU.Build.0 = Debug|Any CPU
		{0D6A04D2-848A-47EA-A2BC-3E8E15A2D631}.Release|Any CPU.ActiveCfg = Release|Any CPU
		{0D6A04D2-848A-47EA-A2BC-3E8E15A2D631}.Release|Any CPU.Build.0 = Release|Any CPU
	EndGlobalSection
	GlobalSection(SolutionProperties) = preSolution
		HideSolutionNode = FALSE
	EndGlobalSection
	GlobalSection(ExtensibilityGlobals) = postSolution
		SolutionGuid = {033D7AF6-C99D-4557-BE36-0405ED39AFFA}
	EndGlobalSection
EndGlobal
